{
  "name": "@themesberg/windows-95-ui-kit",
  "version": "1.2.0",
  "lockfileVersion": 2,
  "requires": true,
  "packages": {
    "": {
      "name": "@themesberg/windows-95-ui-kit",
      "version": "1.2.0",
      "license": "MIT",
      "dependencies": {
        "amplitude-js": "^8.17.0",
        "bootstrap": "^4.3.1",
        "jquery": "^3.4.1",
        "popper.js": "^1.0.1",
        "xp.css": "^0.3.0"
      }
    },
    "node_modules/@amplitude/analytics-connector": {
      "version": "1.0.0",
      "resolved": "https://registry.npmjs.org/@amplitude/analytics-connector/-/analytics-connector-1.0.0.tgz",
      "integrity": "sha512-6RZwSMjhO9VD5rw5FV5U7pU00drDQAQqA+ZTv4mSop8XEws9TimzynGYzLYLijV0vnK7h6j7D3+VJtM4f4MlNA==",
      "dependencies": {
        "@amplitude/ua-parser-js": "0.7.26"
      }
    },
    "node_modules/@amplitude/types": {
      "version": "1.9.2",
      "resolved": "https://registry.npmjs.org/@amplitude/types/-/types-1.9.2.tgz",
      "integrity": "sha512-s+Q/O8kNfocZiyGvVdtM5T4JGPwLRZ4Q26wtEF5xJhyCtJglGMe0ixe6u/6iW9s4JHIq+LlPlUu5095pVsdtNA==",
      "engines": {
        "node": ">=10"
      }
    },
    "node_modules/@amplitude/ua-parser-js": {
      "version": "0.7.26",
      "resolved": "https://registry.npmjs.org/@amplitude/ua-parser-js/-/ua-parser-js-0.7.26.tgz",
      "integrity": "sha512-62/Rid6YQ7F2KT/5vTre41Y26ivrEoFC8lbrsJZqBKaiXMJWG0YpNv9RgxNSaZS2jPLVQgoB/FFeWxihOLfIcg==",
      "funding": [
        {
          "type": "opencollective",
          "url": "https://opencollective.com/ua-parser-js"
        },
        {
          "type": "paypal",
          "url": "https://paypal.me/faisalman"
        }
      ],
      "engines": {
        "node": "*"
      }
    },
    "node_modules/@amplitude/utils": {
      "version": "1.9.2",
      "resolved": "https://registry.npmjs.org/@amplitude/utils/-/utils-1.9.2.tgz",
      "integrity": "sha512-hGOIoIjmZ0pq/3b2gBrr17TaEarlR+qzFGu5npm76+scd/51F0eNvjd0vgV6WbJT1cxhyH/5Z8kihGWOU3vS3Q==",
      "dependencies": {
        "@amplitude/types": "^1.9.2",
        "tslib": "^1.9.3"
      },
      "engines": {
        "node": ">=10"
      }
    },
    "node_modules/@babel/runtime": {
      "version": "7.17.2",
      "resolved": "https://registry.npmjs.org/@babel/runtime/-/runtime-7.17.2.tgz",
      "integrity": "sha512-hzeyJyMA1YGdJTuWU0e/j4wKXrU4OMFvY2MSlaI9B7VQb0r5cxTE3EAIS2Q7Tn2RIcDkRvTA/v2JsAEhxe99uw==",
      "dependencies": {
        "regenerator-runtime": "^0.13.4"
      },
      "engines": {
        "node": ">=6.9.0"
      }
    },
    "node_modules/amplitude-js": {
      "version": "8.17.0",
      "resolved": "https://registry.npmjs.org/amplitude-js/-/amplitude-js-8.17.0.tgz",
      "integrity": "sha512-9Ovx/15Wt4byNSKpesaTaNnHmwgkV9pn0BfI70qHr0iaPgEAtMV0HdA+Zs6555ODp3pvrmj5JTXDl3/DPLmNRQ==",
      "dependencies": {
        "@amplitude/analytics-connector": "1.0.0",
        "@amplitude/ua-parser-js": "0.7.26",
        "@amplitude/utils": "^1.0.5",
        "@babel/runtime": "^7.3.4",
        "blueimp-md5": "^2.10.0",
        "query-string": "5"
      }
    },
    "node_modules/blueimp-md5": {
      "version": "2.19.0",
      "resolved": "https://registry.npmjs.org/blueimp-md5/-/blueimp-md5-2.19.0.tgz",
      "integrity": "sha512-DRQrD6gJyy8FbiE4s+bDoXS9hiW3Vbx5uCdwvcCf3zLHL+Iv7LtGHLpr+GZV8rHG8tK766FGYBwRbu8pELTt+w=="
    },
    "node_modules/bootstrap": {
      "version": "4.3.1",
      "resolved": "https://registry.npmjs.org/bootstrap/-/bootstrap-4.3.1.tgz",
      "integrity": "sha512-rXqOmH1VilAt2DyPzluTi2blhk17bO7ef+zLLPlWvG494pDxcM234pJ8wTc/6R40UWizAIIMgxjvxZg5kmsbag==",
      "engines": {
        "node": ">=6"
      }
    },
    "node_modules/decode-uri-component": {
      "version": "0.2.0",
      "resolved": "https://registry.npmjs.org/decode-uri-component/-/decode-uri-component-0.2.0.tgz",
      "integrity": "sha1-6zkTMzRYd1y4TNGh+uBiEGu4dUU=",
      "engines": {
        "node": ">=0.10"
      }
    },
    "node_modules/jquery": {
      "version": "3.5.0",
      "resolved": "https://registry.npmjs.org/jquery/-/jquery-3.5.0.tgz",
      "integrity": "sha512-Xb7SVYMvygPxbFMpTFQiHh1J7HClEaThguL15N/Gg37Lri/qKyhRGZYzHRyLH8Stq3Aow0LsHO2O2ci86fCrNQ=="
    },
    "node_modules/object-assign": {
      "version": "4.1.1",
      "resolved": "https://registry.npmjs.org/object-assign/-/object-assign-4.1.1.tgz",
      "integrity": "sha1-IQmtx5ZYh8/AXLvUQsrIv7s2CGM=",
      "engines": {
        "node": ">=0.10.0"
      }
    },
    "node_modules/popper.js": {
      "version": "1.15.0",
      "resolved": "https://registry.npmjs.org/popper.js/-/popper.js-1.15.0.tgz",
      "integrity": "sha512-w010cY1oCUmI+9KwwlWki+r5jxKfTFDVoadl7MSrIujHU5MJ5OR6HTDj6Xo8aoR/QsA56x8jKjA59qGH4ELtrA=="
    },
    "node_modules/query-string": {
      "version": "5.1.1",
      "resolved": "https://registry.npmjs.org/query-string/-/query-string-5.1.1.tgz",
      "integrity": "sha512-gjWOsm2SoGlgLEdAGt7a6slVOk9mGiXmPFMqrEhLQ68rhQuBnpfs3+EmlvqKyxnCo9/PPlF+9MtY02S1aFg+Jw==",
      "dependencies": {
        "decode-uri-component": "^0.2.0",
        "object-assign": "^4.1.0",
        "strict-uri-encode": "^1.0.0"
      },
      "engines": {
        "node": ">=0.10.0"
      }
    },
    "node_modules/regenerator-runtime": {
      "version": "0.13.9",
      "resolved": "https://registry.npmjs.org/regenerator-runtime/-/regenerator-runtime-0.13.9.tgz",
      "integrity": "sha512-p3VT+cOEgxFsRRA9X4lkI1E+k2/CtnKtU4gcxyaCUreilL/vqI6CdZ3wxVUx3UOUg+gnUOQQcRI7BmSI656MYA=="
    },
    "node_modules/strict-uri-encode": {
      "version": "1.1.0",
      "resolved": "https://registry.npmjs.org/strict-uri-encode/-/strict-uri-encode-1.1.0.tgz",
      "integrity": "sha1-J5siXfHVgrH1TmWt3UNS4Y+qBxM=",
      "engines": {
        "node": ">=0.10.0"
      }
    },
    "node_modules/tslib": {
      "version": "1.14.1",
      "resolved": "https://registry.npmjs.org/tslib/-/tslib-1.14.1.tgz",
      "integrity": "sha512-Xni35NKzjgMrwevysHTCArtLDpPvye8zV/0E4EyYn43P7/7qvQwPh9BGkHewbMulVntbigmcT7rdX3BNo9wRJg=="
    },
    "node_modules/xp.css": {
      "version": "0.3.0",
      "resolved": "https://registry.npmjs.org/xp.css/-/xp.css-0.3.0.tgz",
      "integrity": "sha512-+J2RkwXfJsTjoJO0VDz4F4Wqan7tvkxjRArAjmMWAqrlZ775zyEhq1nVRNcPgka0aq9sXQWY3Tc3MvwDerfzxg=="
    }
  },
  "dependencies": {
    "@amplitude/analytics-connector": {
      "version": "1.0.0",
      "resolved": "https://registry.npmjs.org/@amplitude/analytics-connector/-/analytics-connector-1.0.0.tgz",
      "integrity": "sha512-6RZwSMjhO9VD5rw5FV5U7pU00drDQAQqA+ZTv4mSop8XEws9TimzynGYzLYLijV0vnK7h6j7D3+VJtM4f4MlNA==",
      "requires": {
        "@amplitude/ua-parser-js": "0.7.26"
      }
    },
    "@amplitude/types": {
      "version": "1.9.2",
      "resolved": "https://registry.npmjs.org/@amplitude/types/-/types-1.9.2.tgz",
      "integrity": "sha512-s+Q/O8kNfocZiyGvVdtM5T4JGPwLRZ4Q26wtEF5xJhyCtJglGMe0ixe6u/6iW9s4JHIq+LlPlUu5095pVsdtNA=="
    },
    "@amplitude/ua-parser-js": {
      "version": "0.7.26",
      "resolved": "https://registry.npmjs.org/@amplitude/ua-parser-js/-/ua-parser-js-0.7.26.tgz",
      "integrity": "sha512-62/Rid6YQ7F2KT/5vTre41Y26ivrEoFC8lbrsJZqBKaiXMJWG0YpNv9RgxNSaZS2jPLVQgoB/FFeWxihOLfIcg=="
    },
    "@amplitude/utils": {
      "version": "1.9.2",
      "resolved": "https://registry.npmjs.org/@amplitude/utils/-/utils-1.9.2.tgz",
      "integrity": "sha512-hGOIoIjmZ0pq/3b2gBrr17TaEarlR+qzFGu5npm76+scd/51F0eNvjd0vgV6WbJT1cxhyH/5Z8kihGWOU3vS3Q==",
      "requires": {
        "@amplitude/types": "^1.9.2",
        "tslib": "^1.9.3"
      }
    },
    "@babel/runtime": {
      "version": "7.17.2",
      "resolved": "https://registry.npmjs.org/@babel/runtime/-/runtime-7.17.2.tgz",
      "integrity": "sha512-hzeyJyMA1YGdJTuWU0e/j4wKXrU4OMFvY2MSlaI9B7VQb0r5cxTE3EAIS2Q7Tn2RIcDkRvTA/v2JsAEhxe99uw==",
      "requires": {
        "regenerator-runtime": "^0.13.4"
      }
    },
    "amplitude-js": {
      "version": "8.17.0",
      "resolved": "https://registry.npmjs.org/amplitude-js/-/amplitude-js-8.17.0.tgz",
      "integrity": "sha512-9Ovx/15Wt4byNSKpesaTaNnHmwgkV9pn0BfI70qHr0iaPgEAtMV0HdA+Zs6555ODp3pvrmj5JTXDl3/DPLmNRQ==",
      "requires": {
        "@amplitude/analytics-connector": "1.0.0",
        "@amplitude/ua-parser-js": "0.7.26",
        "@amplitude/utils": "^1.0.5",
        "@babel/runtime": "^7.3.4",
        "blueimp-md5": "^2.10.0",
        "query-string": "5"
      }
    },
    "blueimp-md5": {
      "version": "2.19.0",
      "resolved": "https://registry.npmjs.org/blueimp-md5/-/blueimp-md5-2.19.0.tgz",
      "integrity": "sha512-DRQrD6gJyy8FbiE4s+bDoXS9hiW3Vbx5uCdwvcCf3zLHL+Iv7LtGHLpr+GZV8rHG8tK766FGYBwRbu8pELTt+w=="
    },
    "bootstrap": {
      "version": "4.3.1",
      "resolved": "https://registry.npmjs.org/bootstrap/-/bootstrap-4.3.1.tgz",
      "integrity": "sha512-rXqOmH1VilAt2DyPzluTi2blhk17bO7ef+zLLPlWvG494pDxcM234pJ8wTc/6R40UWizAIIMgxjvxZg5kmsbag=="
    },
    "decode-uri-component": {
      "version": "0.2.0",
      "resolved": "https://registry.npmjs.org/decode-uri-component/-/decode-uri-component-0.2.0.tgz",
      "integrity": "sha1-6zkTMzRYd1y4TNGh+uBiEGu4dUU="
    },
    "jquery": {
      "version": "3.5.0",
      "resolved": "https://registry.npmjs.org/jquery/-/jquery-3.5.0.tgz",
      "integrity": "sha512-Xb7SVYMvygPxbFMpTFQiHh1J7HClEaThguL15N/Gg37Lri/qKyhRGZYzHRyLH8Stq3Aow0LsHO2O2ci86fCrNQ=="
    },
    "object-assign": {
      "version": "4.1.1",
      "resolved": "https://registry.npmjs.org/object-assign/-/object-assign-4.1.1.tgz",
      "integrity": "sha1-IQmtx5ZYh8/AXLvUQsrIv7s2CGM="
    },
    "popper.js": {
      "version": "1.15.0",
      "resolved": "https://registry.npmjs.org/popper.js/-/popper.js-1.15.0.tgz",
      "integrity": "sha512-w010cY1oCUmI+9KwwlWki+r5jxKfTFDVoadl7MSrIujHU5MJ5OR6HTDj6Xo8aoR/QsA56x8jKjA59qGH4ELtrA=="
    },
    "query-string": {
      "version": "5.1.1",
      "resolved": "https://registry.npmjs.org/query-string/-/query-string-5.1.1.tgz",
      "integrity": "sha512-gjWOsm2SoGlgLEdAGt7a6slVOk9mGiXmPFMqrEhLQ68rhQuBnpfs3+EmlvqKyxnCo9/PPlF+9MtY02S1aFg+Jw==",
      "requires": {
        "decode-uri-component": "^0.2.0",
        "object-assign": "^4.1.0",
        "strict-uri-encode": "^1.0.0"
      }
    },
    "regenerator-runtime": {
      "version": "0.13.9",
      "resolved": "https://registry.npmjs.org/regenerator-runtime/-/regenerator-runtime-0.13.9.tgz",
      "integrity": "sha512-p3VT+cOEgxFsRRA9X4lkI1E+k2/CtnKtU4gcxyaCUreilL/vqI6CdZ3wxVUx3UOUg+gnUOQQcRI7BmSI656MYA=="
    },
    "strict-uri-encode": {
      "version": "1.1.0",
      "resolved": "https://registry.npmjs.org/strict-uri-encode/-/strict-uri-encode-1.1.0.tgz",
      "integrity": "sha1-J5siXfHVgrH1TmWt3UNS4Y+qBxM="
    },
    "tslib": {
      "version": "1.14.1",
      "resolved": "https://registry.npmjs.org/tslib/-/tslib-1.14.1.tgz",
      "integrity": "sha512-Xni35NKzjgMrwevysHTCArtLDpPvye8zV/0E4EyYn43P7/7qvQwPh9BGkHewbMulVntbigmcT7rdX3BNo9wRJg=="
    },
    "xp.css": {
      "version": "0.3.0",
      "resolved": "https://registry.npmjs.org/xp.css/-/xp.css-0.3.0.tgz",
      "integrity": "sha512-+J2RkwXfJsTjoJO0VDz4F4Wqan7tvkxjRArAjmMWAqrlZ775zyEhq1nVRNcPgka0aq9sXQWY3Tc3MvwDerfzxg=="
    }
  }
}
